// !$*UTF8*$!
{
	archiveVersion = 1;
	classes = {
	};
	objectVersion = 60;
	objects = {

/* Begin PBXBuildFile section */
		C97ECA3E2C28B76A0090F6BE /* AppDelegate.swift in Sources */ = {isa = PBXBuildFile; fileRef = C97ECA3D2C28B76A0090F6BE /* AppDelegate.swift */; };
		C97ECA402C28B76A0090F6BE /* SceneDelegate.swift in Sources */ = {isa = PBXBuildFile; fileRef = C97ECA3F2C28B76A0090F6BE /* SceneDelegate.swift */; };
		C97ECA422C28B76A0090F6BE /* ViewController.swift in Sources */ = {isa = PBXBuildFile; fileRef = C97ECA412C28B76A0090F6BE /* ViewController.swift */; };
		C97ECA452C28B76A0090F6BE /* Base in Resources */ = {isa = PBXBuildFile; fileRef = C97ECA442C28B76A0090F6BE /* Base */; };
		C97ECA472C28B76B0090F6BE /* Assets.xcassets in Resources */ = {isa = PBXBuildFile; fileRef = C97ECA462C28B76B0090F6BE /* Assets.xcassets */; };
		C97ECA4A2C28B76B0090F6BE /* Base in Resources */ = {isa = PBXBuildFile; fileRef = C97ECA492C28B76B0090F6BE /* Base */; };
		C97ECA552C28B76B0090F6BE /* CounterTests.swift in Sources */ = {isa = PBXBuildFile; fileRef = C97ECA542C28B76B0090F6BE /* CounterTests.swift */; };
		C97ECA5F2C28B76B0090F6BE /* CounterUITests.swift in Sources */ = {isa = PBXBuildFile; fileRef = C97ECA5E2C28B76B0090F6BE /* CounterUITests.swift */; };
		C97ECA612C28B76B0090F6BE /* CounterUITestsLaunchTests.swift in Sources */ = {isa = PBXBuildFile; fileRef = C97ECA602C28B76B0090F6BE /* CounterUITestsLaunchTests.swift */; };
/* End PBXBuildFile section */

/* Begin PBXContainerItemProxy section */
		C97ECA512C28B76B0090F6BE /* PBXContainerItemProxy */ = {
			isa = PBXContainerItemProxy;
			containerPortal = C97ECA322C28B76A0090F6BE /* Project object */;
			proxyType = 1;
			remoteGlobalIDString = C97ECA392C28B76A0090F6BE;
			remoteInfo = Counter;
		};
		C97ECA5B2C28B76B0090F6BE /* PBXContainerItemProxy */ = {
			isa = PBXContainerItemProxy;
			containerPortal = C97ECA322C28B76A0090F6BE /* Project object */;
			proxyType = 1;
			remoteGlobalIDString = C97ECA392C28B76A0090F6BE;
			remoteInfo = Counter;
		};
/* End PBXContainerItemProxy section */

/* Begin PBXFileReference section */
		C97ECA3A2C28B76A0090F6BE /* Counter.app */ = {isa = PBXFileReference; explicitFileType = wrapper.application; includeInIndex = 0; path = Counter.app; sourceTree = BUILT_PRODUCTS_DIR; };
		C97ECA3D2C28B76A0090F6BE /* AppDelegate.swift */ = {isa = PBXFileReference; lastKnownFileType = sourcecode.swift; path = AppDelegate.swift; sourceTree = "<group>"; };
		C97ECA3F2C28B76A0090F6BE /* SceneDelegate.swift */ = {isa = PBXFileReference; lastKnownFileType = sourcecode.swift; path = SceneDelegate.swift; sourceTree = "<group>"; };
		C97ECA412C28B76A0090F6BE /* ViewController.swift */ = {isa = PBXFileReference; lastKnownFileType = sourcecode.swift; path = ViewController.swift; sourceTree = "<group>"; };
		C97ECA442C28B76A0090F6BE /* Base */ = {isa = PBXFileReference; lastKnownFileType = file.storyboard; name = Base; path = Base.lproj/Main.storyboard; sourceTree = "<group>"; };
		C97ECA462C28B76B0090F6BE /* Assets.xcassets */ = {isa = PBXFileReference; lastKnownFileType = folder.assetcatalog; path = Assets.xcassets; sourceTree = "<group>"; };
		C97ECA492C28B76B0090F6BE /* Base */ = {isa = PBXFileReference; lastKnownFileType = file.storyboard; name = Base; path = Base.lproj/LaunchScreen.storyboard; sourceTree = "<group>"; };
		C97ECA4B2C28B76B0090F6BE /* Info.plist */ = {isa = PBXFileReference; lastKnownFileType = text.plist.xml; path = Info.plist; sourceTree = "<group>"; };
		C97ECA502C28B76B0090F6BE /* CounterTests.xctest */ = {isa = PBXFileReference; explicitFileType = wrapper.cfbundle; includeInIndex = 0; path = CounterTests.xctest; sourceTree = BUILT_PRODUCTS_DIR; };
		C97ECA542C28B76B0090F6BE /* CounterTests.swift */ = {isa = PBXFileReference; lastKnownFileType = sourcecode.swift; path = CounterTests.swift; sourceTree = "<group>"; };
		C97ECA5A2C28B76B0090F6BE /* CounterUITests.xctest */ = {isa = PBXFileReference; explicitFileType = wrapper.cfbundle; includeInIndex = 0; path = CounterUITests.xctest; sourceTree = BUILT_PRODUCTS_DIR; };
		C97ECA5E2C28B76B0090F6BE /* CounterUITests.swift */ = {isa = PBXFileReference; lastKnownFileType = sourcecode.swift; path = CounterUITests.swift; sourceTree = "<group>"; };
		C97ECA602C28B76B0090F6BE /* CounterUITestsLaunchTests.swift */ = {isa = PBXFileReference; lastKnownFileType = sourcecode.swift; path = CounterUITestsLaunchTests.swift; sourceTree = "<group>"; };
/* End PBXFileReference section */

/* Begin PBXFrameworksBuildPhase section */
		C97ECA372C28B76A0090F6BE /* Frameworks */ = {
			isa = PBXFrameworksBuildPhase;
			buildActionMask = 2147483647;
			files = (
			);
			runOnlyForDeploymentPostprocessing = 0;
		};
		C97ECA4D2C28B76B0090F6BE /* Frameworks */ = {
			isa = PBXFrameworksBuildPhase;
			buildActionMask = 2147483647;
			files = (
			);
			runOnlyForDeploymentPostprocessing = 0;
		};
		C97ECA572C28B76B0090F6BE /* Frameworks */ = {
			isa = PBXFrameworksBuildPhase;
			buildActionMask = 2147483647;
			files = (
			);
			runOnlyForDeploymentPostprocessing = 0;
		};
/* End PBXFrameworksBuildPhase section */

/* Begin PBXGroup section */
		C97ECA312C28B76A0090F6BE = {
			isa = PBXGroup;
			children = (
				C97ECA3C2C28B76A0090F6BE /* Counter */,
				C97ECA532C28B76B0090F6BE /* CounterTests */,
				C97ECA5D2C28B76B0090F6BE /* CounterUITests */,
				C97ECA3B2C28B76A0090F6BE /* Products */,
			);
			sourceTree = "<group>";
		};
		C97ECA3B2C28B76A0090F6BE /* Products */ = {
			isa = PBXGroup;
			children = (
				C97ECA3A2C28B76A0090F6BE /* Counter.app */,
				C97ECA502C28B76B0090F6BE /* CounterTests.xctest */,
				C97ECA5A2C28B76B0090F6BE /* CounterUITests.xctest */,
			);
			name = Products;
			sourceTree = "<group>";
		};
		C97ECA3C2C28B76A0090F6BE /* Counter */ = {
			isa = PBXGroup;
			children = (
				C97ECA3D2C28B76A0090F6BE /* AppDelegate.swift */,
				C97ECA3F2C28B76A0090F6BE /* SceneDelegate.swift */,
				C97ECA412C28B76A0090F6BE /* ViewController.swift */,
				C97ECA432C28B76A0090F6BE /* Main.storyboard */,
				C97ECA462C28B76B0090F6BE /* Assets.xcassets */,
				C97ECA482C28B76B0090F6BE /* LaunchScreen.storyboard */,
				C97ECA4B2C28B76B0090F6BE /* Info.plist */,
			);
			path = Counter;
			sourceTree = "<group>";
		};
		C97ECA532C28B76B0090F6BE /* CounterTests */ = {
			isa = PBXGroup;
			children = (
				C97ECA542C28B76B0090F6BE /* CounterTests.swift */,
			);
			path = CounterTests;
			sourceTree = "<group>";
		};
		C97ECA5D2C28B76B0090F6BE /* CounterUITests */ = {
			isa = PBXGroup;
			children = (
				C97ECA5E2C28B76B0090F6BE /* CounterUITests.swift */,
				C97ECA602C28B76B0090F6BE /* CounterUITestsLaunchTests.swift */,
			);
			path = CounterUITests;
			sourceTree = "<group>";
		};
/* End PBXGroup section */

/* Begin PBXNativeTarget section */
		C97ECA392C28B76A0090F6BE /* Counter */ = {
			isa = PBXNativeTarget;
			buildConfigurationList = C97ECA642C28B76B0090F6BE /* Build configuration list for PBXNativeTarget "Counter" */;
			buildPhases = (
				C97ECA362C28B76A0090F6BE /* Sources */,
				C97ECA372C28B76A0090F6BE /* Frameworks */,
				C97ECA382C28B76A0090F6BE /* Resources */,
			);
			buildRules = (
			);
			dependencies = (
			);
			name = Counter;
			productName = Counter;
			productReference = C97ECA3A2C28B76A0090F6BE /* Counter.app */;
			productType = "com.apple.product-type.application";
		};
		C97ECA4F2C28B76B0090F6BE /* CounterTests */ = {
			isa = PBXNativeTarget;
			buildConfigurationList = C97ECA672C28B76B0090F6BE /* Build configuration list for PBXNativeTarget "CounterTests" */;
			buildPhases = (
				C97ECA4C2C28B76B0090F6BE /* Sources */,
				C97ECA4D2C28B76B0090F6BE /* Frameworks */,
				C97ECA4E2C28B76B0090F6BE /* Resources */,
			);
			buildRules = (
			);
			dependencies = (
				C97ECA522C28B76B0090F6BE /* PBXTargetDependency */,
			);
			name = CounterTests;
			productName = CounterTests;
			productReference = C97ECA502C28B76B0090F6BE /* CounterTests.xctest */;
			productType = "com.apple.product-type.bundle.unit-test";
		};
		C97ECA592C28B76B0090F6BE /* CounterUITests */ = {
			isa = PBXNativeTarget;
			buildConfigurationList = C97ECA6A2C28B76B0090F6BE /* Build configuration list for PBXNativeTarget "CounterUITests" */;
			buildPhases = (
				C97ECA562C28B76B0090F6BE /* Sources */,
				C97ECA572C28B76B0090F6BE /* Frameworks */,
				C97ECA582C28B76B0090F6BE /* Resources */,
			);
			buildRules = (
			);
			dependencies = (
				C97ECA5C2C28B76B0090F6BE /* PBXTargetDependency */,
			);
			name = CounterUITests;
			productName = CounterUITests;
			productReference = C97ECA5A2C28B76B0090F6BE /* CounterUITests.xctest */;
			productType = "com.apple.product-type.bundle.ui-testing";
		};
/* End PBXNativeTarget section */

/* Begin PBXProject section */
		C97ECA322C28B76A0090F6BE /* Project object */ = {
			isa = PBXProject;
			attributes = {
				BuildIndependentTargetsInParallel = 1;
				LastSwiftUpdateCheck = 1600;
				LastUpgradeCheck = 1600;
				TargetAttributes = {
					C97ECA392C28B76A0090F6BE = {
						CreatedOnToolsVersion = 16.0;
					};
					C97ECA4F2C28B76B0090F6BE = {
						CreatedOnToolsVersion = 16.0;
						TestTargetID = C97ECA392C28B76A0090F6BE;
					};
					C97ECA592C28B76B0090F6BE = {
						CreatedOnToolsVersion = 16.0;
						TestTargetID = C97ECA392C28B76A0090F6BE;
					};
				};
			};
			buildConfigurationList = C97ECA352C28B76A0090F6BE /* Build configuration list for PBXProject "Counter" */;
			compatibilityVersion = "Xcode 15.0";
			developmentRegion = en;
			hasScannedForEncodings = 0;
			knownRegions = (
				en,
				Base,
			);
			mainGroup = C97ECA312C28B76A0090F6BE;
			productRefGroup = C97ECA3B2C28B76A0090F6BE /* Products */;
			projectDirPath = "";
			projectRoot = "";
			targets = (
				C97ECA392C28B76A0090F6BE /* Counter */,
				C97ECA4F2C28B76B0090F6BE /* CounterTests */,
				C97ECA592C28B76B0090F6BE /* CounterUITests */,
			);
		};
/* End PBXProject section */

/* Begin PBXResourcesBuildPhase section */
		C97ECA382C28B76A0090F6BE /* Resources */ = {
			isa = PBXResourcesBuildPhase;
			buildActionMask = 2147483647;
			files = (
				C97ECA472C28B76B0090F6BE /* Assets.xcassets in Resources */,
				C97ECA4A2C28B76B0090F6BE /* Base in Resources */,
				C97ECA452C28B76A0090F6BE /* Base in Resources */,
			);
			runOnlyForDeploymentPostprocessing = 0;
		};
		C97ECA4E2C28B76B0090F6BE /* Resources */ = {
			isa = PBXResourcesBuildPhase;
			buildActionMask = 2147483647;
			files = (
			);
			runOnlyForDeploymentPostprocessing = 0;
		};
		C97ECA582C28B76B0090F6BE /* Resources */ = {
			isa = PBXResourcesBuildPhase;
			buildActionMask = 2147483647;
			files = (
			);
			runOnlyForDeploymentPostprocessing = 0;
		};
/* End PBXResourcesBuildPhase section */

/* Begin PBXSourcesBuildPhase section */
		C97ECA362C28B76A0090F6BE /* Sources */ = {
			isa = PBXSourcesBuildPhase;
			buildActionMask = 2147483647;
			files = (
				C97ECA422C28B76A0090F6BE /* ViewController.swift in Sources */,
				C97ECA3E2C28B76A0090F6BE /* AppDelegate.swift in Sources */,
				C97ECA402C28B76A0090F6BE /* SceneDelegate.swift in Sources */,
			);
			runOnlyForDeploymentPostprocessing = 0;
		};
		C97ECA4C2C28B76B0090F6BE /* Sources */ = {
			isa = PBXSourcesBuildPhase;
			buildActionMask = 2147483647;
			files = (
				C97ECA552C28B76B0090F6BE /* CounterTests.swift in Sources */,
			);
			runOnlyForDeploymentPostprocessing = 0;
		};
		C97ECA562C28B76B0090F6BE /* Sources */ = {
			isa = PBXSourcesBuildPhase;
			buildActionMask = 2147483647;
			files = (
				C97ECA5F2C28B76B0090F6BE /* CounterUITests.swift in Sources */,
				C97ECA612C28B76B0090F6BE /* CounterUITestsLaunchTests.swift in Sources */,
			);
			runOnlyForDeploymentPostprocessing = 0;
		};
/* End PBXSourcesBuildPhase section */

/* Begin PBXTargetDependency section */
		C97ECA522C28B76B0090F6BE /* PBXTargetDependency */ = {
			isa = PBXTargetDependency;
			target = C97ECA392C28B76A0090F6BE /* Counter */;
			targetProxy = C97ECA512C28B76B0090F6BE /* PBXContainerItemProxy */;
		};
		C97ECA5C2C28B76B0090F6BE /* PBXTargetDependency */ = {
			isa = PBXTargetDependency;
			target = C97ECA392C28B76A0090F6BE /* Counter */;
			targetProxy = C97ECA5B2C28B76B0090F6BE /* PBXContainerItemProxy */;
		};
/* End PBXTargetDependency section */

/* Begin PBXVariantGroup section */
		C97ECA432C28B76A0090F6BE /* Main.storyboard */ = {
			isa = PBXVariantGroup;
			children = (
				C97ECA442C28B76A0090F6BE /* Base */,
			);
			name = Main.storyboard;
			sourceTree = "<group>";
		};
		C97ECA482C28B76B0090F6BE /* LaunchScreen.storyboard */ = {
			isa = PBXVariantGroup;
			children = (
				C97ECA492C28B76B0090F6BE /* Base */,
			);
			name = LaunchScreen.storyboard;
			sourceTree = "<group>";
		};
/* End PBXVariantGroup section */

/* Begin XCBuildConfiguration section */
		C97ECA622C28B76B0090F6BE /* Debug */ = {
			isa = XCBuildConfiguration;
			buildSettings = {
				ALWAYS_SEARCH_USER_PATHS = NO;
				ASSETCATALOG_COMPILER_GENERATE_SWIFT_ASSET_SYMBOL_EXTENSIONS = YES;
				CLANG_ANALYZER_NONNULL = YES;
				CLANG_ANALYZER_NUMBER_OBJECT_CONVERSION = YES_AGGRESSIVE;
				CLANG_CXX_LANGUAGE_STANDARD = "gnu++20";
				CLANG_ENABLE_MODULES = YES;
				CLANG_ENABLE_OBJC_ARC = YES;
				CLANG_ENABLE_OBJC_WEAK = YES;
				CLANG_WARN_BLOCK_CAPTURE_AUTORELEASING = YES;
				CLANG_WARN_BOOL_CONVERSION = YES;
				CLANG_WARN_COMMA = YES;
				CLANG_WARN_CONSTANT_CONVERSION = YES;
				CLANG_WARN_DEPRECATED_OBJC_IMPLEMENTATIONS = YES;
				CLANG_WARN_DIRECT_OBJC_ISA_USAGE = YES_ERROR;
				CLANG_WARN_DOCUMENTATION_COMMENTS = YES;
				CLANG_WARN_EMPTY_BODY = YES;
				CLANG_WARN_ENUM_CONVERSION = YES;
				CLANG_WARN_INFINITE_RECURSION = YES;
				CLANG_WARN_INT_CONVERSION = YES;
				CLANG_WARN_NON_LITERAL_NULL_CONVERSION = YES;
				CLANG_WARN_OBJC_IMPLICIT_RETAIN_SELF = YES;
				CLANG_WARN_OBJC_LITERAL_CONVERSION = YES;
				CLANG_WARN_OBJC_ROOT_CLASS = YES_ERROR;
				CLANG_WARN_QUOTED_INCLUDE_IN_FRAMEWORK_HEADER = YES;
				CLANG_WARN_RANGE_LOOP_ANALYSIS = YES;
				CLANG_WARN_STRICT_PROTOTYPES = YES;
				CLANG_WARN_SUSPICIOUS_MOVE = YES;
				CLANG_WARN_UNGUARDED_AVAILABILITY = YES_AGGRESSIVE;
				CLANG_WARN_UNREACHABLE_CODE = YES;
				CLANG_WARN__DUPLICATE_METHOD_MATCH = YES;
				COPY_PHASE_STRIP = NO;
				DEBUG_INFORMATION_FORMAT = dwarf;
				ENABLE_STRICT_OBJC_MSGSEND = YES;
				ENABLE_TESTABILITY = YES;
				ENABLE_USER_SCRIPT_SANDBOXING = YES;
				GCC_C_LANGUAGE_STANDARD = gnu17;
				GCC_DYNAMIC_NO_PIC = NO;
				GCC_NO_COMMON_BLOCKS = YES;
				GCC_OPTIMIZATION_LEVEL = 0;
				GCC_PREPROCESSOR_DEFINITIONS = (
					"DEBUG=1",
					"$(inherited)",
				);
				GCC_WARN_64_TO_32_BIT_CONVERSION = YES;
				GCC_WARN_ABOUT_RETURN_TYPE = YES_ERROR;
				GCC_WARN_UNDECLARED_SELECTOR = YES;
				GCC_WARN_UNINITIALIZED_AUTOS = YES_AGGRESSIVE;
				GCC_WARN_UNUSED_FUNCTION = YES;
				GCC_WARN_UNUSED_VARIABLE = YES;
				IPHONEOS_DEPLOYMENT_TARGET = 18.0;
				LOCALIZATION_PREFERS_STRING_CATALOGS = YES;
				MTL_ENABLE_DEBUG_INFO = INCLUDE_SOURCE;
				MTL_FAST_MATH = YES;
				ONLY_ACTIVE_ARCH = YES;
				SDKROOT = iphoneos;
				SWIFT_ACTIVE_COMPILATION_CONDITIONS = "DEBUG $(inherited)";
				SWIFT_OPTIMIZATION_LEVEL = "-Onone";
			};
			name = Debug;
		};
		C97ECA632C28B76B0090F6BE /* Release */ = {
			isa = XCBuildConfiguration;
			buildSettings = {
				ALWAYS_SEARCH_USER_PATHS = NO;
				ASSETCATALOG_COMPILER_GENERATE_SWIFT_ASSET_SYMBOL_EXTENSIONS = YES;
				CLANG_ANALYZER_NONNULL = YES;
				CLANG_ANALYZER_NUMBER_OBJECT_CONVERSION = YES_AGGRESSIVE;
				CLANG_CXX_LANGUAGE_STANDARD = "gnu++20";
				CLANG_ENABLE_MODULES = YES;
				CLANG_ENABLE_OBJC_ARC = YES;
				CLANG_ENABLE_OBJC_WEAK = YES;
				CLANG_WARN_BLOCK_CAPTURE_AUTORELEASING = YES;
				CLANG_WARN_BOOL_CONVERSION = YES;
				CLANG_WARN_COMMA = YES;
				CLANG_WARN_CONSTANT_CONVERSION = YES;
				CLANG_WARN_DEPRECATED_OBJC_IMPLEMENTATIONS = YES;
				CLANG_WARN_DIRECT_OBJC_ISA_USAGE = YES_ERROR;
				CLANG_WARN_DOCUMENTATION_COMMENTS = YES;
				CLANG_WARN_EMPTY_BODY = YES;
				CLANG_WARN_ENUM_CONVERSION = YES;
				CLANG_WARN_INFINITE_RECURSION = YES;
				CLANG_WARN_INT_CONVERSION = YES;
				CLANG_WARN_NON_LITERAL_NULL_CONVERSION = YES;
				CLANG_WARN_OBJC_IMPLICIT_RETAIN_SELF = YES;
				CLANG_WARN_OBJC_LITERAL_CONVERSION = YES;
				CLANG_WARN_OBJC_ROOT_CLASS = YES_ERROR;
				CLANG_WARN_QUOTED_INCLUDE_IN_FRAMEWORK_HEADER = YES;
				CLANG_WARN_RANGE_LOOP_ANALYSIS = YES;
				CLANG_WARN_STRICT_PROTOTYPES = YES;
				CLANG_WARN_SUSPICIOUS_MOVE = YES;
				CLANG_WARN_UNGUARDED_AVAILABILITY = YES_AGGRESSIVE;
				CLANG_WARN_UNREACHABLE_CODE = YES;
				CLANG_WARN__DUPLICATE_METHOD_MATCH = YES;
				COPY_PHASE_STRIP = NO;
				DEBUG_INFORMATION_FORMAT = "dwarf-with-dsym";
				ENABLE_NS_ASSERTIONS = NO;
				ENABLE_STRICT_OBJC_MSGSEND = YES;
				ENABLE_USER_SCRIPT_SANDBOXING = YES;
				GCC_C_LANGUAGE_STANDARD = gnu17;
				GCC_NO_COMMON_BLOCKS = YES;
				GCC_WARN_64_TO_32_BIT_CONVERSION = YES;
				GCC_WARN_ABOUT_RETURN_TYPE = YES_ERROR;
				GCC_WARN_UNDECLARED_SELECTOR = YES;
				GCC_WARN_UNINITIALIZED_AUTOS = YES_AGGRESSIVE;
				GCC_WARN_UNUSED_FUNCTION = YES;
				GCC_WARN_UNUSED_VARIABLE = YES;
				IPHONEOS_DEPLOYMENT_TARGET = 18.0;
				LOCALIZATION_PREFERS_STRING_CATALOGS = YES;
				MTL_ENABLE_DEBUG_INFO = NO;
				MTL_FAST_MATH = YES;
				SDKROOT = iphoneos;
				SWIFT_COMPILATION_MODE = wholemodule;
				VALIDATE_PRODUCT = YES;
			};
			name = Release;
		};
		C97ECA652C28B76B0090F6BE /* Debug */ = {
			isa = XCBuildConfiguration;
			buildSettings = {
				ASSETCATALOG_COMPILER_APPICON_NAME = AppIcon;
				ASSETCATALOG_COMPILER_GLOBAL_ACCENT_COLOR_NAME = AccentColor;
				CODE_SIGN_STYLE = Automatic;
				CURRENT_PROJECT_VERSION = 1;
				DEVELOPMENT_TEAM = 2F3554K48N;
				GENERATE_INFOPLIST_FILE = YES;
				INFOPLIST_FILE = Counter/Info.plist;
				INFOPLIST_KEY_UIApplicationSupportsIndirectInputEvents = YES;
				INFOPLIST_KEY_UILaunchStoryboardName = LaunchScreen;
				INFOPLIST_KEY_UIMainStoryboardFile = Main;
				INFOPLIST_KEY_UISupportedInterfaceOrientations_iPad = "UIInterfaceOrientationPortrait UIInterfaceOrientationPortraitUpsideDown UIInterfaceOrientationLandscapeLeft UIInterfaceOrientationLandscapeRight";
				INFOPLIST_KEY_UISupportedInterfaceOrientations_iPhone = "UIInterfaceOrientationPortrait UIInterfaceOrientationLandscapeLeft UIInterfaceOrientationLandscapeRight";
				LD_RUNPATH_SEARCH_PATHS = (
					"$(inherited)",
					"@executable_path/Frameworks",
				);
				MARKETING_VERSION = 1.0;
				PRODUCT_BUNDLE_IDENTIFIER = Kaider.Counter;
				PRODUCT_NAME = "$(TARGET_NAME)";
				SWIFT_EMIT_LOC_STRINGS = YES;
				SWIFT_VERSION = 5.0;
				TARGETED_DEVICE_FAMILY = "1,2";
			};
			name = Debug;
		};
		C97ECA662C28B76B0090F6BE /* Release */ = {
			isa = XCBuildConfiguration;
			buildSettings = {
				ASSETCATALOG_COMPILER_APPICON_NAME = AppIcon;
				ASSETCATALOG_COMPILER_GLOBAL_ACCENT_COLOR_NAME = AccentColor;
				CODE_SIGN_STYLE = Automatic;
				CURRENT_PROJECT_VERSION = 1;
				DEVELOPMENT_TEAM = 2F3554K48N;
				GENERATE_INFOPLIST_FILE = YES;
				INFOPLIST_FILE = Counter/Info.plist;
				INFOPLIST_KEY_UIApplicationSupportsIndirectInputEvents = YES;
				INFOPLIST_KEY_UILaunchStoryboardName = LaunchScreen;
				INFOPLIST_KEY_UIMainStoryboardFile = Main;
				INFOPLIST_KEY_UISupportedInterfaceOrientations_iPad = "UIInterfaceOrientationPortrait UIInterfaceOrientationPortraitUpsideDown UIInterfaceOrientationLandscapeLeft UIInterfaceOrientationLandscapeRight";
				INFOPLIST_KEY_UISupportedInterfaceOrientations_iPhone = "UIInterfaceOrientationPortrait UIInterfaceOrientationLandscapeLeft UIInterfaceOrientationLandscapeRight";
				LD_RUNPATH_SEARCH_PATHS = (
					"$(inherited)",
					"@executable_path/Frameworks",
				);
				MARKETING_VERSION = 1.0;
				PRODUCT_BUNDLE_IDENTIFIER = Kaider.Counter;
				PRODUCT_NAME = "$(TARGET_NAME)";
				SWIFT_EMIT_LOC_STRINGS = YES;
				SWIFT_VERSION = 5.0;
				TARGETED_DEVICE_FAMILY = "1,2";
			};
			name = Release;
		};
		C97ECA682C28B76B0090F6BE /* Debug */ = {
			isa = XCBuildConfiguration;
			buildSettings = {
				BUNDLE_LOADER = "$(TEST_HOST)";
				CODE_SIGN_STYLE = Automatic;
				CURRENT_PROJECT_VERSION = 1;
				DEVELOPMENT_TEAM = 2F3554K48N;
				GENERATE_INFOPLIST_FILE = YES;
				IPHONEOS_DEPLOYMENT_TARGET = 18.0;
				MARKETING_VERSION = 1.0;
				PRODUCT_BUNDLE_IDENTIFIER = Kaider.CounterTests;
				PRODUCT_NAME = "$(TARGET_NAME)";
				SWIFT_EMIT_LOC_STRINGS = NO;
				SWIFT_VERSION = 5.0;
				TARGETED_DEVICE_FAMILY = "1,2";
				TEST_HOST = "$(BUILT_PRODUCTS_DIR)/Counter.app/$(BUNDLE_EXECUTABLE_FOLDER_PATH)/Counter";
			};
			name = Debug;
		};
		C97ECA692C28B76B0090F6BE /* Release */ = {
			isa = XCBuildConfiguration;
			buildSettings = {
				BUNDLE_LOADER = "$(TEST_HOST)";
				CODE_SIGN_STYLE = Automatic;
				CURRENT_PROJECT_VERSION = 1;
				DEVELOPMENT_TEAM = 2F3554K48N;
				GENERATE_INFOPLIST_FILE = YES;
				IPHONEOS_DEPLOYMENT_TARGET = 18.0;
				MARKETING_VERSION = 1.0;
				PRODUCT_BUNDLE_IDENTIFIER = Kaider.CounterTests;
				PRODUCT_NAME = "$(TARGET_NAME)";
				SWIFT_EMIT_LOC_STRINGS = NO;
				SWIFT_VERSION = 5.0;
				TARGETED_DEVICE_FAMILY = "1,2";
				TEST_HOST = "$(BUILT_PRODUCTS_DIR)/Counter.app/$(BUNDLE_EXECUTABLE_FOLDER_PATH)/Counter";
			};
			name = Release;
		};
		C97ECA6B2C28B76B0090F6BE /* Debug */ = {
			isa = XCBuildConfiguration;
			buildSettings = {
				CODE_SIGN_STYLE = Automatic;
				CURRENT_PROJECT_VERSION = 1;
				DEVELOPMENT_TEAM = 2F3554K48N;
				GENERATE_INFOPLIST_FILE = YES;
				MARKETING_VERSION = 1.0;
				PRODUCT_BUNDLE_IDENTIFIER = Kaider.CounterUITests;
				PRODUCT_NAME = "$(TARGET_NAME)";
				SWIFT_EMIT_LOC_STRINGS = NO;
				SWIFT_VERSION = 5.0;
				TARGETED_DEVICE_FAMILY = "1,2";
				TEST_TARGET_NAME = Counter;
			};
			name = Debug;
		};
		C97ECA6C2C28B76B0090F6BE /* Release */ = {
			isa = XCBuildConfiguration;
			buildSettings = {
				CODE_SIGN_STYLE = Automatic;
				CURRENT_PROJECT_VERSION = 1;
				DEVELOPMENT_TEAM = 2F3554K48N;
				GENERATE_INFOPLIST_FILE = YES;
				MARKETING_VERSION = 1.0;
				PRODUCT_BUNDLE_IDENTIFIER = Kaider.CounterUITests;
				PRODUCT_NAME = "$(TARGET_NAME)";
				SWIFT_EMIT_LOC_STRINGS = NO;
				SWIFT_VERSION = 5.0;
				TARGETED_DEVICE_FAMILY = "1,2";
				TEST_TARGET_NAME = Counter;
			};
			name = Release;
		};
/* End XCBuildConfiguration section */

/* Begin XCConfigurationList section */
		C97ECA352C28B76A0090F6BE /* Build configuration list for PBXProject "Counter" */ = {
			isa = XCConfigurationList;
			buildConfigurations = (
				C97ECA622C28B76B0090F6BE /* Debug */,
				C97ECA632C28B76B0090F6BE /* Release */,
			);
			defaultConfigurationIsVisible = 0;
			defaultConfigurationName = Release;
		};
		C97ECA642C28B76B0090F6BE /* Build configuration list for PBXNativeTarget "Counter" */ = {
			isa = XCConfigurationList;
			buildConfigurations = (
				C97ECA652C28B76B0090F6BE /* Debug */,
				C97ECA662C28B76B0090F6BE /* Release */,
			);
			defaultConfigurationIsVisible = 0;
			defaultConfigurationName = Release;
		};
		C97ECA672C28B76B0090F6BE /* Build configuration list for PBXNativeTarget "CounterTests" */ = {
			isa = XCConfigurationList;
			buildConfigurations = (
				C97ECA682C28B76B0090F6BE /* Debug */,
				C97ECA692C28B76B0090F6BE /* Release */,
			);
			defaultConfigurationIsVisible = 0;
			defaultConfigurationName = Release;
		};
		C97ECA6A2C28B76B0090F6BE /* Build configuration list for PBXNativeTarget "CounterUITests" */ = {
			isa = XCConfigurationList;
			buildConfigurations = (
				C97ECA6B2C28B76B0090F6BE /* Debug */,
				C97ECA6C2C28B76B0090F6BE /* Release */,
			);
			defaultConfigurationIsVisible = 0;
			defaultConfigurationName = Release;
		};
/* End XCConfigurationList section */
	};
	rootObject = C97ECA322C28B76A0090F6BE /* Project object */;
}
